
Microsoft Visual Studio Solution File, Format Version 12.00
# Visual Studio Version 17
VisualStudioVersion = 17.11.35208.52
MinimumVisualStudioVersion = 10.0.40219.1
Project("{FAE04EC0-301F-11D3-BF4B-00C04F79EFBC}") = "TodoList.Core", "TodoList.Core\TodoList.Core.csproj", "{47BC3FCA-29BB-44DB-95DB-663272390FE0}"
EndProject
Project("{FAE04EC0-301F-11D3-BF4B-00C04F79EFBC}") = "TodoList.Application", "TodoList.Application\TodoList.Application.csproj", "{22711F9B-E0B1-4BD0-8583-4BD5A4E74772}"
EndProject
Project("{FAE04EC0-301F-11D3-BF4B-00C04F79EFBC}") = "TodoList.Infraestructure", "TodoList.Infraestructure\TodoList.Infraestructure.csproj", "{DF58D3B2-E3F2-45AA-B0C1-75BFCD1D43BD}"
EndProject
Project("{FAE04EC0-301F-11D3-BF4B-00C04F79EFBC}") = "TodoList.WebAPI", "TodoList.WebAPI\TodoList.WebAPI.csproj", "{982839E9-6816-4E26-A56F-6D3BF77E73DE}"
EndProject
Project("{FAE04EC0-301F-11D3-BF4B-00C04F79EFBC}") = "TodoList.Tests", "TodoList.Tests\TodoList.Tests.csproj", "{DA7FA9F5-AE15-4CFC-9B79-43977B57E9AB}"
EndProject
Global
	GlobalSection(SolutionConfigurationPlatforms) = preSolution
		Debug|Any CPU = Debug|Any CPU
		Release|Any CPU = Release|Any CPU
	EndGlobalSection
	GlobalSection(ProjectConfigurationPlatforms) = postSolution
		{47BC3FCA-29BB-44DB-95DB-663272390FE0}.Debug|Any CPU.ActiveCfg = Debug|Any CPU
		{47BC3FCA-29BB-44DB-95DB-663272390FE0}.Debug|Any CPU.Build.0 = Debug|Any CPU
		{47BC3FCA-29BB-44DB-95DB-663272390FE0}.Release|Any CPU.ActiveCfg = Release|Any CPU
		{47BC3FCA-29BB-44DB-95DB-663272390FE0}.Release|Any CPU.Build.0 = Release|Any CPU
		{22711F9B-E0B1-4BD0-8583-4BD5A4E74772}.Debug|Any CPU.ActiveCfg = Debug|Any CPU
		{22711F9B-E0B1-4BD0-8583-4BD5A4E74772}.Debug|Any CPU.Build.0 = Debug|Any CPU
		{22711F9B-E0B1-4BD0-8583-4BD5A4E74772}.Release|Any CPU.ActiveCfg = Release|Any CPU
		{22711F9B-E0B1-4BD0-8583-4BD5A4E74772}.Release|Any CPU.Build.0 = Release|Any CPU
		{DF58D3B2-E3F2-45AA-B0C1-75BFCD1D43BD}.Debug|Any CPU.ActiveCfg = Debug|Any CPU
		{DF58D3B2-E3F2-45AA-B0C1-75BFCD1D43BD}.Debug|Any CPU.Build.0 = Debug|Any CPU
		{DF58D3B2-E3F2-45AA-B0C1-75BFCD1D43BD}.Release|Any CPU.ActiveCfg = Release|Any CPU
		{DF58D3B2-E3F2-45AA-B0C1-75BFCD1D43BD}.Release|Any CPU.Build.0 = Release|Any CPU
		{982839E9-6816-4E26-A56F-6D3BF77E73DE}.Debug|Any CPU.ActiveCfg = Debug|Any CPU
		{982839E9-6816-4E26-A56F-6D3BF77E73DE}.Debug|Any CPU.Build.0 = Debug|Any CPU
		{982839E9-6816-4E26-A56F-6D3BF77E73DE}.Release|Any CPU.ActiveCfg = Release|Any CPU
		{982839E9-6816-4E26-A56F-6D3BF77E73DE}.Release|Any CPU.Build.0 = Release|Any CPU
		{DA7FA9F5-AE15-4CFC-9B79-43977B57E9AB}.Debug|Any CPU.ActiveCfg = Debug|Any CPU
		{DA7FA9F5-AE15-4CFC-9B79-43977B57E9AB}.Debug|Any CPU.Build.0 = Debug|Any CPU
		{DA7FA9F5-AE15-4CFC-9B79-43977B57E9AB}.Release|Any CPU.ActiveCfg = Release|Any CPU
		{DA7FA9F5-AE15-4CFC-9B79-43977B57E9AB}.Release|Any CPU.Build.0 = Release|Any CPU
	EndGlobalSection
	GlobalSection(SolutionProperties) = preSolution
		HideSolutionNode = FALSE
	EndGlobalSection
	GlobalSection(ExtensibilityGlobals) = postSolution
		SolutionGuid = {FA498A0B-738A-45C1-9222-B8EAE07C86DE}
	EndGlobalSection
EndGlobal
